
Microsoft Visual Studio Solution File, Format Version 12.00
# Visual Studio 15
VisualStudioVersion = 15.0.26124.0
MinimumVisualStudioVersion = 15.0.26124.0
Project("{9A19103F-16F7-4668-BE54-9A1E7A4F7556}") = "netcore20app", "netcore20app\netcore20app.csproj", "{8DC0109D-0944-45C5-89B1-5DF412EC8F18}"
EndProject
Project("{9A19103F-16F7-4668-BE54-9A1E7A4F7556}") = "netstandard20lib", "netstandard20lib\netstandard20lib.csproj", "{B13DF5BD-E8C8-4C98-AD8D-468DB262FD43}"
EndProject
Project("{9A19103F-16F7-4668-BE54-9A1E7A4F7556}") = "NetFramework4App", "NetFramework4App\NetFramework4App.csproj", "{35C11E62-75BC-4B05-8BE9-94F3ED6B8E88}"
EndProject
Global
	GlobalSection(SolutionConfigurationPlatforms) = preSolution
		Debug|Any CPU = Debug|Any CPU
		Debug|x64 = Debug|x64
		Debug|x86 = Debug|x86
		Release|Any CPU = Release|Any CPU
		Release|x64 = Release|x64
		Release|x86 = Release|x86
	EndGlobalSection
	GlobalSection(ProjectConfigurationPlatforms) = postSolution
		{8DC0109D-0944-45C5-89B1-5DF412EC8F18}.Debug|Any CPU.ActiveCfg = Debug|Any CPU
		{8DC0109D-0944-45C5-89B1-5DF412EC8F18}.Debug|Any CPU.Build.0 = Debug|Any CPU
		{8DC0109D-0944-45C5-89B1-5DF412EC8F18}.Debug|x64.ActiveCfg = Debug|Any CPU
		{8DC0109D-0944-45C5-89B1-5DF412EC8F18}.Debug|x64.Build.0 = Debug|Any CPU
		{8DC0109D-0944-45C5-89B1-5DF412EC8F18}.Debug|x86.ActiveCfg = Debug|Any CPU
		{8DC0109D-0944-45C5-89B1-5DF412EC8F18}.Debug|x86.Build.0 = Debug|Any CPU
		{8DC0109D-0944-45C5-89B1-5DF412EC8F18}.Release|Any CPU.ActiveCfg = Release|Any CPU
		{8DC0109D-0944-45C5-89B1-5DF412EC8F18}.Release|Any CPU.Build.0 = Release|Any CPU
		{8DC0109D-0944-45C5-89B1-5DF412EC8F18}.Release|x64.ActiveCfg = Release|Any CPU
		{8DC0109D-0944-45C5-89B1-5DF412EC8F18}.Release|x64.Build.0 = Release|Any CPU
		{8DC0109D-0944-45C5-89B1-5DF412EC8F18}.Release|x86.ActiveCfg = Release|Any CPU
		{8DC0109D-0944-45C5-89B1-5DF412EC8F18}.Release|x86.Build.0 = Release|Any CPU
		{B13DF5BD-E8C8-4C98-AD8D-468DB262FD43}.Debug|Any CPU.ActiveCfg = Debug|Any CPU
		{B13DF5BD-E8C8-4C98-AD8D-468DB262FD43}.Debug|Any CPU.Build.0 = Debug|Any CPU
		{B13DF5BD-E8C8-4C98-AD8D-468DB262FD43}.Debug|x64.ActiveCfg = Debug|Any CPU
		{B13DF5BD-E8C8-4C98-AD8D-468DB262FD43}.Debug|x64.Build.0 = Debug|Any CPU
		{B13DF5BD-E8C8-4C98-AD8D-468DB262FD43}.Debug|x86.ActiveCfg = Debug|Any CPU
		{B13DF5BD-E8C8-4C98-AD8D-468DB262FD43}.Debug|x86.Build.0 = Debug|Any CPU
		{B13DF5BD-E8C8-4C98-AD8D-468DB262FD43}.Release|Any CPU.ActiveCfg = Release|Any CPU
		{B13DF5BD-E8C8-4C98-AD8D-468DB262FD43}.Release|Any CPU.Build.0 = Release|Any CPU
		{B13DF5BD-E8C8-4C98-AD8D-468DB262FD43}.Release|x64.ActiveCfg = Release|Any CPU
		{B13DF5BD-E8C8-4C98-AD8D-468DB262FD43}.Release|x64.Build.0 = Release|Any CPU
		{B13DF5BD-E8C8-4C98-AD8D-468DB262FD43}.Release|x86.ActiveCfg = Release|Any CPU
		{B13DF5BD-E8C8-4C98-AD8D-468DB262FD43}.Release|x86.Build.0 = Release|Any CPU
		{35C11E62-75BC-4B05-8BE9-94F3ED6B8E88}.Debug|Any CPU.ActiveCfg = Debug|Any CPU
		{35C11E62-75BC-4B05-8BE9-94F3ED6B8E88}.Debug|Any CPU.Build.0 = Debug|Any CPU
		{35C11E62-75BC-4B05-8BE9-94F3ED6B8E88}.Debug|x64.ActiveCfg = Debug|Any CPU
		{35C11E62-75BC-4B05-8BE9-94F3ED6B8E88}.Debug|x64.Build.0 = Debug|Any CPU
		{35C11E62-75BC-4B05-8BE9-94F3ED6B8E88}.Debug|x86.ActiveCfg = Debug|Any CPU
		{35C11E62-75BC-4B05-8BE9-94F3ED6B8E88}.Debug|x86.Build.0 = Debug|Any CPU
		{35C11E62-75BC-4B05-8BE9-94F3ED6B8E88}.Release|Any CPU.ActiveCfg = Release|Any CPU
		{35C11E62-75BC-4B05-8BE9-94F3ED6B8E88}.Release|Any CPU.Build.0 = Release|Any CPU
		{35C11E62-75BC-4B05-8BE9-94F3ED6B8E88}.Release|x64.ActiveCfg = Release|Any CPU
		{35C11E62-75BC-4B05-8BE9-94F3ED6B8E88}.Release|x64.Build.0 = Release|Any CPU
		{35C11E62-75BC-4B05-8BE9-94F3ED6B8E88}.Release|x86.ActiveCfg = Release|Any CPU
		{35C11E62-75BC-4B05-8BE9-94F3ED6B8E88}.Release|x86.Build.0 = Release|Any CPU
	EndGlobalSection
	GlobalSection(SolutionProperties) = preSolution
		HideSolutionNode = FALSE
	EndGlobalSection
	GlobalSection(ExtensibilityGlobals) = postSolution
		SolutionGuid = {37FEFB01-89E1-42E4-B8FD-1F0A40566E30}
	EndGlobalSection
EndGlobal
